
Microsoft Visual Studio Solution File, Format Version 12.00
# Visual Studio Version 17
VisualStudioVersion = 17.3.32922.545
MinimumVisualStudioVersion = 10.0.40219.1
Project("{FAE04EC0-301F-11D3-BF4B-00C04F79EFBC}") = "DoINeedUmbrellaToday", "DoINeedUmbrellaToday\DoINeedUmbrellaToday.csproj", "{CAB49DC2-3F1D-41E3-B067-27D4E6628470}"
EndProject
Global
	GlobalSection(SolutionConfigurationPlatforms) = preSolution
		Debug|Any CPU = Debug|Any CPU
		Release|Any CPU = Release|Any CPU
	EndGlobalSection
	GlobalSection(ProjectConfigurationPlatforms) = postSolution
		{CAB49DC2-3F1D-41E3-B067-27D4E6628470}.Debug|Any CPU.ActiveCfg = Debug|Any CPU
		{CAB49DC2-3F1D-41E3-B067-27D4E6628470}.Debug|Any CPU.Build.0 = Debug|Any CPU
		{CAB49DC2-3F1D-41E3-B067-27D4E6628470}.Release|Any CPU.ActiveCfg = Release|Any CPU
		{CAB49DC2-3F1D-41E3-B067-27D4E6628470}.Release|Any CPU.Build.0 = Release|Any CPU
	EndGlobalSection
	GlobalSection(SolutionProperties) = preSolution
		HideSolutionNode = FALSE
	EndGlobalSection
	GlobalSection(ExtensibilityGlobals) = postSolution
		SolutionGuid = {BDC23DD9-7D22-4B9F-BB20-280313E9688A}
	EndGlobalSection
EndGlobal
